// !$*UTF8*$!
{
	archiveVersion = 1;
	classes = {
	};
	objectVersion = 77;
	objects = {

/* Begin PBXBuildFile section */
		05753AF2B42F7F6B87B95C1E /* twilight-masquerade.json in Resources */ = {isa = PBXBuildFile; fileRef = A9F4C9816D29FE5052461E66 /* twilight-masquerade.json */; };
		0654C54986F63534C9F531FF /* StoreRunViews.swift in Sources */ = {isa = PBXBuildFile; fileRef = D7653D159E767B267752F265 /* StoreRunViews.swift */; };
		147623CBCD67C468C0C8D3AA /* stellar-crown.json in Resources */ = {isa = PBXBuildFile; fileRef = 5F38B7B3DE47AF76DF106787 /* stellar-crown.json */; };
		24B7295DAED7B8FBA18B44A5 /* RipModel.swift in Sources */ = {isa = PBXBuildFile; fileRef = EFEB00B5E3B98AFB182E5118 /* RipModel.swift */; };
		2771CE9F0B18A7BDD732B7DC /* surging-sparks.json in Resources */ = {isa = PBXBuildFile; fileRef = E389E8E864F1F2802B2B9E76 /* surging-sparks.json */; };
		3A2216BFA141DA811D78FCC5 /* RipCard.swift in Sources */ = {isa = PBXBuildFile; fileRef = 7B66D93BC2248EFFB8CA18E2 /* RipCard.swift */; };
		3E9EC0E13D52E88235067DDA /* catalog.json in Resources */ = {isa = PBXBuildFile; fileRef = 33CED089D9AD4D92AB2AAA7C /* catalog.json */; };
		470F79925CFB90DC77F29629 /* SellGradeSheets.swift in Sources */ = {isa = PBXBuildFile; fileRef = 35B2FE4A0A51FA88C31F2E4B /* SellGradeSheets.swift */; };
		484DB0AF7BC480439CDBAACC /* Social.swift in Sources */ = {isa = PBXBuildFile; fileRef = D894A52F7AE73A7EAF8DF6D3 /* Social.swift */; };
		4D1A679475A8125D7E29A1C8 /* SetData.swift in Sources */ = {isa = PBXBuildFile; fileRef = 4473746B05B5FA0E51C41885 /* SetData.swift */; };
		554EE2F07709E7AF8E971509 /* PackBuilder.swift in Sources */ = {isa = PBXBuildFile; fileRef = 15D1F5A53A1CE37803DC7C50 /* PackBuilder.swift */; };
		55DF9565657BEF05FD62398E /* UnboxView.swift in Sources */ = {isa = PBXBuildFile; fileRef = 49EF347D0CA9A2C689E7D0B9 /* UnboxView.swift */; };
		57856FEC663D96592E925B4F /* GameStore.swift in Sources */ = {isa = PBXBuildFile; fileRef = 38152100E3F21C13B7C61E1B /* GameStore.swift */; };
		5A8355AC964C42A1C26A50B1 /* Panels.swift in Sources */ = {isa = PBXBuildFile; fileRef = 367966CB515F1D60E1380F07 /* Panels.swift */; };
		63FF61559D09CC5ED1FE13DD /* Inventory.swift in Sources */ = {isa = PBXBuildFile; fileRef = 1B3A5E9B134DA765470B7666 /* Inventory.swift */; };
		7C714401A1C5DB31FFCD79E6 /* LocalStores.swift in Sources */ = {isa = PBXBuildFile; fileRef = DFA05E48B4793E422BDD8455 /* LocalStores.swift */; };
		7D71A92431332B26D0BA9ED7 /* WalletView.swift in Sources */ = {isa = PBXBuildFile; fileRef = 50F97256E10C06386BD90E19 /* WalletView.swift */; };
		7FF2E8A1C95C51B53DAC8B66 /* Balance.swift in Sources */ = {isa = PBXBuildFile; fileRef = 3BE8F9A509ED85647311ACD5 /* Balance.swift */; };
		85166D520FAE8485D3DEF431 /* CardViews.swift in Sources */ = {isa = PBXBuildFile; fileRef = 297BD4F44B83A77E160F288F /* CardViews.swift */; };
		8657332C44D3CF23F4759D40 /* PokeVendorApp.swift in Sources */ = {isa = PBXBuildFile; fileRef = 42EFBEAABA99A8FAF3BD9E1F /* PokeVendorApp.swift */; };
		8BE6DCC1F148B3943D8C0127 /* PackView.swift in Sources */ = {isa = PBXBuildFile; fileRef = 11814C73AA917A111DD8EC6A /* PackView.swift */; };
		A212371EC2DF99306F380ECA /* ConditionViews.swift in Sources */ = {isa = PBXBuildFile; fileRef = 7FA6BD5CF2C4595D324B6FA6 /* ConditionViews.swift */; };
		A2ABE55803E391A9A17B15FA /* cosmic-eclipse.json in Resources */ = {isa = PBXBuildFile; fileRef = 7059D12A0BDE88D4B10AD156 /* cosmic-eclipse.json */; };
		A30688FAC3E1D24CCF9ED639 /* Effects.metal in Sources */ = {isa = PBXBuildFile; fileRef = 77CD37AEDEDAD5767A419067 /* Effects.metal */; };
		A51C92ACDE9CB838F30C650B /* HubView.swift in Sources */ = {isa = PBXBuildFile; fileRef = 22DCF071A80BA4398E968082 /* HubView.swift */; };
		A6917D1EEE14A677B9EEE456 /* Support.swift in Sources */ = {isa = PBXBuildFile; fileRef = 2E04FD006DB8B88A9342A378 /* Support.swift */; };
		B1E2A0E44B360C481DC78B78 /* BuyViews.swift in Sources */ = {isa = PBXBuildFile; fileRef = 781DF97D530EE9737F37D11A /* BuyViews.swift */; };
		BF40EF0C7B89584AA1DB15F8 /* base-set.json in Resources */ = {isa = PBXBuildFile; fileRef = 05ED658C6E7349BE468EC9FE /* base-set.json */; };
		BF74587E305FC99201C8A2F5 /* AppNav.swift in Sources */ = {isa = PBXBuildFile; fileRef = 36B1FFEB95C34CF4A3CF1A74 /* AppNav.swift */; };
		D4D03F812AA93D164C7981BD /* prismatic-evolutions.json in Resources */ = {isa = PBXBuildFile; fileRef = B5511559E1A3A95108659987 /* prismatic-evolutions.json */; };
		D9AA152721D08C2AD1ED0B0E /* evolving-skies.json in Resources */ = {isa = PBXBuildFile; fileRef = CD0B8BEE25B23110D7CE1EF2 /* evolving-skies.json */; };
		DA4F133419BB03A1679C5705 /* Market.swift in Sources */ = {isa = PBXBuildFile; fileRef = 642F08591A3569F0A27BA0D1 /* Market.swift */; };
		E2DE7F1C1A266CD5F832269C /* paradox-rift.json in Resources */ = {isa = PBXBuildFile; fileRef = DEC953034EF1E1F20EFEF7D0 /* paradox-rift.json */; };
		E773086037F13A9C2D65807E /* DetailViews.swift in Sources */ = {isa = PBXBuildFile; fileRef = 544120DEF70C6BCBC2EF918A /* DetailViews.swift */; };
		EEB80B5D9820D375FBB5A972 /* RipView.swift in Sources */ = {isa = PBXBuildFile; fileRef = 7DB2E7EA020C2D7260109C7E /* RipView.swift */; };
		F0032B8697D4063D2F6E8907 /* InventoryView.swift in Sources */ = {isa = PBXBuildFile; fileRef = A28FE1FAED611C80FC163221 /* InventoryView.swift */; };
		F7624A4AB352DEBA5FC67044 /* SocialViews.swift in Sources */ = {isa = PBXBuildFile; fileRef = 820C299F6D8FD690239ED0CC /* SocialViews.swift */; };
		FBD484D14432E620994F0A0B /* HitEffects.swift in Sources */ = {isa = PBXBuildFile; fileRef = 523EE1F5C13F88A7FDA88127 /* HitEffects.swift */; };
/* End PBXBuildFile section */

/* Begin PBXFileReference section */
		05ED658C6E7349BE468EC9FE /* base-set.json */ = {isa = PBXFileReference; lastKnownFileType = text.json; path = "base-set.json"; sourceTree = "<group>"; };
		11814C73AA917A111DD8EC6A /* PackView.swift */ = {isa = PBXFileReference; lastKnownFileType = sourcecode.swift; path = PackView.swift; sourceTree = "<group>"; };
		15D1F5A53A1CE37803DC7C50 /* PackBuilder.swift */ = {isa = PBXFileReference; lastKnownFileType = sourcecode.swift; path = PackBuilder.swift; sourceTree = "<group>"; };
		1B3A5E9B134DA765470B7666 /* Inventory.swift */ = {isa = PBXFileReference; lastKnownFileType = sourcecode.swift; path = Inventory.swift; sourceTree = "<group>"; };
		22DCF071A80BA4398E968082 /* HubView.swift */ = {isa = PBXFileReference; lastKnownFileType = sourcecode.swift; path = HubView.swift; sourceTree = "<group>"; };
		297BD4F44B83A77E160F288F /* CardViews.swift */ = {isa = PBXFileReference; lastKnownFileType = sourcecode.swift; path = CardViews.swift; sourceTree = "<group>"; };
		2E04FD006DB8B88A9342A378 /* Support.swift */ = {isa = PBXFileReference; lastKnownFileType = sourcecode.swift; path = Support.swift; sourceTree = "<group>"; };
		33CED089D9AD4D92AB2AAA7C /* catalog.json */ = {isa = PBXFileReference; lastKnownFileType = text.json; path = catalog.json; sourceTree = "<group>"; };
		35B2FE4A0A51FA88C31F2E4B /* SellGradeSheets.swift */ = {isa = PBXFileReference; lastKnownFileType = sourcecode.swift; path = SellGradeSheets.swift; sourceTree = "<group>"; };
		367966CB515F1D60E1380F07 /* Panels.swift */ = {isa = PBXFileReference; lastKnownFileType = sourcecode.swift; path = Panels.swift; sourceTree = "<group>"; };
		36B1FFEB95C34CF4A3CF1A74 /* AppNav.swift */ = {isa = PBXFileReference; lastKnownFileType = sourcecode.swift; path = AppNav.swift; sourceTree = "<group>"; };
		38152100E3F21C13B7C61E1B /* GameStore.swift */ = {isa = PBXFileReference; lastKnownFileType = sourcecode.swift; path = GameStore.swift; sourceTree = "<group>"; };
		3BE8F9A509ED85647311ACD5 /* Balance.swift */ = {isa = PBXFileReference; lastKnownFileType = sourcecode.swift; path = Balance.swift; sourceTree = "<group>"; };
		42EFBEAABA99A8FAF3BD9E1F /* PokeVendorApp.swift */ = {isa = PBXFileReference; lastKnownFileType = sourcecode.swift; path = PokeVendorApp.swift; sourceTree = "<group>"; };
		4473746B05B5FA0E51C41885 /* SetData.swift */ = {isa = PBXFileReference; lastKnownFileType = sourcecode.swift; path = SetData.swift; sourceTree = "<group>"; };
		49EF347D0CA9A2C689E7D0B9 /* UnboxView.swift */ = {isa = PBXFileReference; lastKnownFileType = sourcecode.swift; path = UnboxView.swift; sourceTree = "<group>"; };
		50F97256E10C06386BD90E19 /* WalletView.swift */ = {isa = PBXFileReference; lastKnownFileType = sourcecode.swift; path = WalletView.swift; sourceTree = "<group>"; };
		523EE1F5C13F88A7FDA88127 /* HitEffects.swift */ = {isa = PBXFileReference; lastKnownFileType = sourcecode.swift; path = HitEffects.swift; sourceTree = "<group>"; };
		544120DEF70C6BCBC2EF918A /* DetailViews.swift */ = {isa = PBXFileReference; lastKnownFileType = sourcecode.swift; path = DetailViews.swift; sourceTree = "<group>"; };
		5F38B7B3DE47AF76DF106787 /* stellar-crown.json */ = {isa = PBXFileReference; lastKnownFileType = text.json; path = "stellar-crown.json"; sourceTree = "<group>"; };
		642F08591A3569F0A27BA0D1 /* Market.swift */ = {isa = PBXFileReference; lastKnownFileType = sourcecode.swift; path = Market.swift; sourceTree = "<group>"; };
		7059D12A0BDE88D4B10AD156 /* cosmic-eclipse.json */ = {isa = PBXFileReference; lastKnownFileType = text.json; path = "cosmic-eclipse.json"; sourceTree = "<group>"; };
		77CD37AEDEDAD5767A419067 /* Effects.metal */ = {isa = PBXFileReference; lastKnownFileType = sourcecode.metal; path = Effects.metal; sourceTree = "<group>"; };
		781DF97D530EE9737F37D11A /* BuyViews.swift */ = {isa = PBXFileReference; lastKnownFileType = sourcecode.swift; path = BuyViews.swift; sourceTree = "<group>"; };
		7B66D93BC2248EFFB8CA18E2 /* RipCard.swift */ = {isa = PBXFileReference; lastKnownFileType = sourcecode.swift; path = RipCard.swift; sourceTree = "<group>"; };
		7DB2E7EA020C2D7260109C7E /* RipView.swift */ = {isa = PBXFileReference; lastKnownFileType = sourcecode.swift; path = RipView.swift; sourceTree = "<group>"; };
		7FA6BD5CF2C4595D324B6FA6 /* ConditionViews.swift */ = {isa = PBXFileReference; lastKnownFileType = sourcecode.swift; path = ConditionViews.swift; sourceTree = "<group>"; };
		820C299F6D8FD690239ED0CC /* SocialViews.swift */ = {isa = PBXFileReference; lastKnownFileType = sourcecode.swift; path = SocialViews.swift; sourceTree = "<group>"; };
		9FDCA4CCA1E7FF1F70509EF9 /* Info.plist */ = {isa = PBXFileReference; lastKnownFileType = text.plist; path = Info.plist; sourceTree = "<group>"; };
		A28FE1FAED611C80FC163221 /* InventoryView.swift */ = {isa = PBXFileReference; lastKnownFileType = sourcecode.swift; path = InventoryView.swift; sourceTree = "<group>"; };
		A9F4C9816D29FE5052461E66 /* twilight-masquerade.json */ = {isa = PBXFileReference; lastKnownFileType = text.json; path = "twilight-masquerade.json"; sourceTree = "<group>"; };
		B5511559E1A3A95108659987 /* prismatic-evolutions.json */ = {isa = PBXFileReference; lastKnownFileType = text.json; path = "prismatic-evolutions.json"; sourceTree = "<group>"; };
		CD0B8BEE25B23110D7CE1EF2 /* evolving-skies.json */ = {isa = PBXFileReference; lastKnownFileType = text.json; path = "evolving-skies.json"; sourceTree = "<group>"; };
		D7653D159E767B267752F265 /* StoreRunViews.swift */ = {isa = PBXFileReference; lastKnownFileType = sourcecode.swift; path = StoreRunViews.swift; sourceTree = "<group>"; };
		D894A52F7AE73A7EAF8DF6D3 /* Social.swift */ = {isa = PBXFileReference; lastKnownFileType = sourcecode.swift; path = Social.swift; sourceTree = "<group>"; };
		DEC953034EF1E1F20EFEF7D0 /* paradox-rift.json */ = {isa = PBXFileReference; lastKnownFileType = text.json; path = "paradox-rift.json"; sourceTree = "<group>"; };
		DFA05E48B4793E422BDD8455 /* LocalStores.swift */ = {isa = PBXFileReference; lastKnownFileType = sourcecode.swift; path = LocalStores.swift; sourceTree = "<group>"; };
		E1E68A0973ED000EFC2D1072 /* PokeVendor.app */ = {isa = PBXFileReference; includeInIndex = 0; lastKnownFileType = wrapper.application; path = PokeVendor.app; sourceTree = BUILT_PRODUCTS_DIR; };
		E389E8E864F1F2802B2B9E76 /* surging-sparks.json */ = {isa = PBXFileReference; lastKnownFileType = text.json; path = "surging-sparks.json"; sourceTree = "<group>"; };
		EFEB00B5E3B98AFB182E5118 /* RipModel.swift */ = {isa = PBXFileReference; lastKnownFileType = sourcecode.swift; path = RipModel.swift; sourceTree = "<group>"; };
/* End PBXFileReference section */

/* Begin PBXGroup section */
		20039E26AAF34D635C5565E0 /* Inventory */ = {
			isa = PBXGroup;
			children = (
				7FA6BD5CF2C4595D324B6FA6 /* ConditionViews.swift */,
				544120DEF70C6BCBC2EF918A /* DetailViews.swift */,
				A28FE1FAED611C80FC163221 /* InventoryView.swift */,
				35B2FE4A0A51FA88C31F2E4B /* SellGradeSheets.swift */,
			);
			path = Inventory;
			sourceTree = "<group>";
		};
		54BBAE50F56DF76DD790B949 /* Support */ = {
			isa = PBXGroup;
			children = (
				2E04FD006DB8B88A9342A378 /* Support.swift */,
			);
			path = Support;
			sourceTree = "<group>";
		};
		65387EEABD9F915553CABEC9 /* Products */ = {
			isa = PBXGroup;
			children = (
				E1E68A0973ED000EFC2D1072 /* PokeVendor.app */,
			);
			name = Products;
			sourceTree = "<group>";
		};
		7A7341C8A80847AE81A54F71 /* Sets */ = {
			isa = PBXGroup;
			children = (
				05ED658C6E7349BE468EC9FE /* base-set.json */,
				7059D12A0BDE88D4B10AD156 /* cosmic-eclipse.json */,
				CD0B8BEE25B23110D7CE1EF2 /* evolving-skies.json */,
				DEC953034EF1E1F20EFEF7D0 /* paradox-rift.json */,
				B5511559E1A3A95108659987 /* prismatic-evolutions.json */,
				5F38B7B3DE47AF76DF106787 /* stellar-crown.json */,
				E389E8E864F1F2802B2B9E76 /* surging-sparks.json */,
				A9F4C9816D29FE5052461E66 /* twilight-masquerade.json */,
			);
			path = Sets;
			sourceTree = "<group>";
		};
		7F6F6FB8D7BA41D01B439268 /* Social */ = {
			isa = PBXGroup;
			children = (
				820C299F6D8FD690239ED0CC /* SocialViews.swift */,
			);
			path = Social;
			sourceTree = "<group>";
		};
		96C1692A0ED7B2E72EE64380 /* Model */ = {
			isa = PBXGroup;
			children = (
				3BE8F9A509ED85647311ACD5 /* Balance.swift */,
				38152100E3F21C13B7C61E1B /* GameStore.swift */,
				1B3A5E9B134DA765470B7666 /* Inventory.swift */,
				DFA05E48B4793E422BDD8455 /* LocalStores.swift */,
				642F08591A3569F0A27BA0D1 /* Market.swift */,
				15D1F5A53A1CE37803DC7C50 /* PackBuilder.swift */,
				7B66D93BC2248EFFB8CA18E2 /* RipCard.swift */,
				EFEB00B5E3B98AFB182E5118 /* RipModel.swift */,
				4473746B05B5FA0E51C41885 /* SetData.swift */,
				D894A52F7AE73A7EAF8DF6D3 /* Social.swift */,
			);
			path = Model;
			sourceTree = "<group>";
		};
		A33CD95CA82A8DB80D8B4DA7 = {
			isa = PBXGroup;
			children = (
				DF36B80999FF4D50908317AF /* PokeVendor */,
				65387EEABD9F915553CABEC9 /* Products */,
			);
			sourceTree = "<group>";
		};
		A45715057FF8BD97B10D1027 /* Resources */ = {
			isa = PBXGroup;
			children = (
				33CED089D9AD4D92AB2AAA7C /* catalog.json */,
				7A7341C8A80847AE81A54F71 /* Sets */,
			);
			path = Resources;
			sourceTree = "<group>";
		};
		A485DE642FFF23967DE56AC5 /* App */ = {
			isa = PBXGroup;
			children = (
				36B1FFEB95C34CF4A3CF1A74 /* AppNav.swift */,
			);
			path = App;
			sourceTree = "<group>";
		};
		DABE85C8B61B1D21C480B476 /* Hub */ = {
			isa = PBXGroup;
			children = (
				22DCF071A80BA4398E968082 /* HubView.swift */,
				50F97256E10C06386BD90E19 /* WalletView.swift */,
			);
			path = Hub;
			sourceTree = "<group>";
		};
		DF36B80999FF4D50908317AF /* PokeVendor */ = {
			isa = PBXGroup;
			children = (
				9FDCA4CCA1E7FF1F70509EF9 /* Info.plist */,
				42EFBEAABA99A8FAF3BD9E1F /* PokeVendorApp.swift */,
				A485DE642FFF23967DE56AC5 /* App */,
				F128CF8A0300E19CEC17EB05 /* Buy */,
				DABE85C8B61B1D21C480B476 /* Hub */,
				20039E26AAF34D635C5565E0 /* Inventory */,
				96C1692A0ED7B2E72EE64380 /* Model */,
				A45715057FF8BD97B10D1027 /* Resources */,
				F5C1AC9B977941A9F77C4039 /* Rip */,
				7F6F6FB8D7BA41D01B439268 /* Social */,
				54BBAE50F56DF76DD790B949 /* Support */,
			);
			path = PokeVendor;
			sourceTree = "<group>";
		};
		F128CF8A0300E19CEC17EB05 /* Buy */ = {
			isa = PBXGroup;
			children = (
				781DF97D530EE9737F37D11A /* BuyViews.swift */,
				D7653D159E767B267752F265 /* StoreRunViews.swift */,
			);
			path = Buy;
			sourceTree = "<group>";
		};
		F5C1AC9B977941A9F77C4039 /* Rip */ = {
			isa = PBXGroup;
			children = (
				297BD4F44B83A77E160F288F /* CardViews.swift */,
				77CD37AEDEDAD5767A419067 /* Effects.metal */,
				523EE1F5C13F88A7FDA88127 /* HitEffects.swift */,
				11814C73AA917A111DD8EC6A /* PackView.swift */,
				367966CB515F1D60E1380F07 /* Panels.swift */,
				7DB2E7EA020C2D7260109C7E /* RipView.swift */,
				49EF347D0CA9A2C689E7D0B9 /* UnboxView.swift */,
			);
			path = Rip;
			sourceTree = "<group>";
		};
/* End PBXGroup section */

/* Begin PBXNativeTarget section */
		FB52DB02B82ACF5830A774CB /* PokeVendor */ = {
			isa = PBXNativeTarget;
			buildConfigurationList = 98C7367CA39BD4EC3045C781 /* Build configuration list for PBXNativeTarget "PokeVendor" */;
			buildPhases = (
				F97A837C8A997732FBA622F2 /* Sources */,
				C07229539BED0B1D5F9771AD /* Resources */,
			);
			buildRules = (
			);
			dependencies = (
			);
			name = PokeVendor;
			packageProductDependencies = (
			);
			productName = PokeVendor;
			productReference = E1E68A0973ED000EFC2D1072 /* PokeVendor.app */;
			productType = "com.apple.product-type.application";
		};
/* End PBXNativeTarget section */

/* Begin PBXProject section */
		D26064A697FD2CDEC7034FE9 /* Project object */ = {
			isa = PBXProject;
			attributes = {
				BuildIndependentTargetsInParallel = YES;
				LastUpgradeCheck = 1430;
				TargetAttributes = {
					FB52DB02B82ACF5830A774CB = {
						DevelopmentTeam = 2BY68WLT6R;
						ProvisioningStyle = Automatic;
					};
				};
			};
			buildConfigurationList = 373A0960F2CA420AAE95D78C /* Build configuration list for PBXProject "PokeVendor" */;
			developmentRegion = en;
			hasScannedForEncodings = 0;
			knownRegions = (
				Base,
				en,
			);
			mainGroup = A33CD95CA82A8DB80D8B4DA7;
			minimizedProjectReferenceProxies = 1;
			preferredProjectObjectVersion = 77;
			productRefGroup = 65387EEABD9F915553CABEC9 /* Products */;
			projectDirPath = "";
			projectRoot = "";
			targets = (
				FB52DB02B82ACF5830A774CB /* PokeVendor */,
			);
		};
/* End PBXProject section */

/* Begin PBXResourcesBuildPhase section */
		C07229539BED0B1D5F9771AD /* Resources */ = {
			isa = PBXResourcesBuildPhase;
			buildActionMask = 2147483647;
			files = (
				BF40EF0C7B89584AA1DB15F8 /* base-set.json in Resources */,
				3E9EC0E13D52E88235067DDA /* catalog.json in Resources */,
				A2ABE55803E391A9A17B15FA /* cosmic-eclipse.json in Resources */,
				D9AA152721D08C2AD1ED0B0E /* evolving-skies.json in Resources */,
				E2DE7F1C1A266CD5F832269C /* paradox-rift.json in Resources */,
				D4D03F812AA93D164C7981BD /* prismatic-evolutions.json in Resources */,
				147623CBCD67C468C0C8D3AA /* stellar-crown.json in Resources */,
				2771CE9F0B18A7BDD732B7DC /* surging-sparks.json in Resources */,
				05753AF2B42F7F6B87B95C1E /* twilight-masquerade.json in Resources */,
			);
			runOnlyForDeploymentPostprocessing = 0;
		};
/* End PBXResourcesBuildPhase section */

/* Begin PBXSourcesBuildPhase section */
		F97A837C8A997732FBA622F2 /* Sources */ = {
			isa = PBXSourcesBuildPhase;
			buildActionMask = 2147483647;
			files = (
				BF74587E305FC99201C8A2F5 /* AppNav.swift in Sources */,
				7FF2E8A1C95C51B53DAC8B66 /* Balance.swift in Sources */,
				B1E2A0E44B360C481DC78B78 /* BuyViews.swift in Sources */,
				85166D520FAE8485D3DEF431 /* CardViews.swift in Sources */,
				A212371EC2DF99306F380ECA /* ConditionViews.swift in Sources */,
				E773086037F13A9C2D65807E /* DetailViews.swift in Sources */,
				A30688FAC3E1D24CCF9ED639 /* Effects.metal in Sources */,
				57856FEC663D96592E925B4F /* GameStore.swift in Sources */,
				FBD484D14432E620994F0A0B /* HitEffects.swift in Sources */,
				A51C92ACDE9CB838F30C650B /* HubView.swift in Sources */,
				63FF61559D09CC5ED1FE13DD /* Inventory.swift in Sources */,
				F0032B8697D4063D2F6E8907 /* InventoryView.swift in Sources */,
				7C714401A1C5DB31FFCD79E6 /* LocalStores.swift in Sources */,
				DA4F133419BB03A1679C5705 /* Market.swift in Sources */,
				554EE2F07709E7AF8E971509 /* PackBuilder.swift in Sources */,
				8BE6DCC1F148B3943D8C0127 /* PackView.swift in Sources */,
				5A8355AC964C42A1C26A50B1 /* Panels.swift in Sources */,
				8657332C44D3CF23F4759D40 /* PokeVendorApp.swift in Sources */,
				3A2216BFA141DA811D78FCC5 /* RipCard.swift in Sources */,
				24B7295DAED7B8FBA18B44A5 /* RipModel.swift in Sources */,
				EEB80B5D9820D375FBB5A972 /* RipView.swift in Sources */,
				470F79925CFB90DC77F29629 /* SellGradeSheets.swift in Sources */,
				4D1A679475A8125D7E29A1C8 /* SetData.swift in Sources */,
				484DB0AF7BC480439CDBAACC /* Social.swift in Sources */,
				F7624A4AB352DEBA5FC67044 /* SocialViews.swift in Sources */,
				0654C54986F63534C9F531FF /* StoreRunViews.swift in Sources */,
				A6917D1EEE14A677B9EEE456 /* Support.swift in Sources */,
				55DF9565657BEF05FD62398E /* UnboxView.swift in Sources */,
				7D71A92431332B26D0BA9ED7 /* WalletView.swift in Sources */,
			);
			runOnlyForDeploymentPostprocessing = 0;
		};
/* End PBXSourcesBuildPhase section */

/* Begin XCBuildConfiguration section */
		446EBD58ABE86508C75F2704 /* Debug */ = {
			isa = XCBuildConfiguration;
			buildSettings = {
				ASSETCATALOG_COMPILER_APPICON_NAME = AppIcon;
				CODE_SIGN_IDENTITY = "iPhone Developer";
				CODE_SIGN_STYLE = Automatic;
				DEVELOPMENT_TEAM = 2BY68WLT6R;
				INFOPLIST_FILE = PokeVendor/Info.plist;
				LD_RUNPATH_SEARCH_PATHS = (
					"$(inherited)",
					"@executable_path/Frameworks",
				);
				PRODUCT_BUNDLE_IDENTIFIER = com.ajholloway.pokevendor;
				SDKROOT = iphoneos;
				TARGETED_DEVICE_FAMILY = 1;
			};
			name = Debug;
		};
		97E802E490AEA59485CABADB /* Release */ = {
			isa = XCBuildConfiguration;
			buildSettings = {
				ALWAYS_SEARCH_USER_PATHS = NO;
				CLANG_ANALYZER_NONNULL = YES;
				CLANG_ANALYZER_NUMBER_OBJECT_CONVERSION = YES_AGGRESSIVE;
				CLANG_CXX_LANGUAGE_STANDARD = "gnu++14";
				CLANG_CXX_LIBRARY = "libc++";
				CLANG_ENABLE_MODULES = YES;
				CLANG_ENABLE_OBJC_ARC = YES;
				CLANG_ENABLE_OBJC_WEAK = YES;
				CLANG_WARN_BLOCK_CAPTURE_AUTORELEASING = YES;
				CLANG_WARN_BOOL_CONVERSION = YES;
				CLANG_WARN_COMMA = YES;
				CLANG_WARN_CONSTANT_CONVERSION = YES;
				CLANG_WARN_DEPRECATED_OBJC_IMPLEMENTATIONS = YES;
				CLANG_WARN_DIRECT_OBJC_ISA_USAGE = YES_ERROR;
				CLANG_WARN_DOCUMENTATION_COMMENTS = YES;
				CLANG_WARN_EMPTY_BODY = YES;
				CLANG_WARN_ENUM_CONVERSION = YES;
				CLANG_WARN_INFINITE_RECURSION = YES;
				CLANG_WARN_INT_CONVERSION = YES;
				CLANG_WARN_NON_LITERAL_NULL_CONVERSION = YES;
				CLANG_WARN_OBJC_IMPLICIT_RETAIN_SELF = YES;
				CLANG_WARN_OBJC_LITERAL_CONVERSION = YES;
				CLANG_WARN_OBJC_ROOT_CLASS = YES_ERROR;
				CLANG_WARN_QUOTED_INCLUDE_IN_FRAMEWORK_HEADER = YES;
				CLANG_WARN_RANGE_LOOP_ANALYSIS = YES;
				CLANG_WARN_STRICT_PROTOTYPES = YES;
				CLANG_WARN_SUSPICIOUS_MOVE = YES;
				CLANG_WARN_UNGUARDED_AVAILABILITY = YES_AGGRESSIVE;
				CLANG_WARN_UNREACHABLE_CODE = YES;
				CLANG_WARN__DUPLICATE_METHOD_MATCH = YES;
				COPY_PHASE_STRIP = NO;
				CURRENT_PROJECT_VERSION = 1;
				DEBUG_INFORMATION_FORMAT = "dwarf-with-dsym";
				ENABLE_NS_ASSERTIONS = NO;
				ENABLE_STRICT_OBJC_MSGSEND = YES;
				GCC_C_LANGUAGE_STANDARD = gnu11;
				GCC_NO_COMMON_BLOCKS = YES;
				GCC_WARN_64_TO_32_BIT_CONVERSION = YES;
				GCC_WARN_ABOUT_RETURN_TYPE = YES_ERROR;
				GCC_WARN_UNDECLARED_SELECTOR = YES;
				GCC_WARN_UNINITIALIZED_AUTOS = YES_AGGRESSIVE;
				GCC_WARN_UNUSED_FUNCTION = YES;
				GCC_WARN_UNUSED_VARIABLE = YES;
				IPHONEOS_DEPLOYMENT_TARGET = 17.0;
				MARKETING_VERSION = 0.1;
				MTL_ENABLE_DEBUG_INFO = NO;
				MTL_FAST_MATH = YES;
				PRODUCT_NAME = "$(TARGET_NAME)";
				SDKROOT = iphoneos;
				SWIFT_COMPILATION_MODE = wholemodule;
				SWIFT_OPTIMIZATION_LEVEL = "-O";
				SWIFT_VERSION = 5.0;
			};
			name = Release;
		};
		B067EE994C257924E9A250D0 /* Release */ = {
			isa = XCBuildConfiguration;
			buildSettings = {
				ASSETCATALOG_COMPILER_APPICON_NAME = AppIcon;
				CODE_SIGN_IDENTITY = "iPhone Developer";
				CODE_SIGN_STYLE = Automatic;
				DEVELOPMENT_TEAM = 2BY68WLT6R;
				INFOPLIST_FILE = PokeVendor/Info.plist;
				LD_RUNPATH_SEARCH_PATHS = (
					"$(inherited)",
					"@executable_path/Frameworks",
				);
				PRODUCT_BUNDLE_IDENTIFIER = com.ajholloway.pokevendor;
				SDKROOT = iphoneos;
				TARGETED_DEVICE_FAMILY = 1;
			};
			name = Release;
		};
		F5D33DD0F0F0D12977753575 /* Debug */ = {
			isa = XCBuildConfiguration;
			buildSettings = {
				ALWAYS_SEARCH_USER_PATHS = NO;
				CLANG_ANALYZER_NONNULL = YES;
				CLANG_ANALYZER_NUMBER_OBJECT_CONVERSION = YES_AGGRESSIVE;
				CLANG_CXX_LANGUAGE_STANDARD = "gnu++14";
				CLANG_CXX_LIBRARY = "libc++";
				CLANG_ENABLE_MODULES = YES;
				CLANG_ENABLE_OBJC_ARC = YES;
				CLANG_ENABLE_OBJC_WEAK = YES;
				CLANG_WARN_BLOCK_CAPTURE_AUTORELEASING = YES;
				CLANG_WARN_BOOL_CONVERSION = YES;
				CLANG_WARN_COMMA = YES;
				CLANG_WARN_CONSTANT_CONVERSION = YES;
				CLANG_WARN_DEPRECATED_OBJC_IMPLEMENTATIONS = YES;
				CLANG_WARN_DIRECT_OBJC_ISA_USAGE = YES_ERROR;
				CLANG_WARN_DOCUMENTATION_COMMENTS = YES;
				CLANG_WARN_EMPTY_BODY = YES;
				CLANG_WARN_ENUM_CONVERSION = YES;
				CLANG_WARN_INFINITE_RECURSION = YES;
				CLANG_WARN_INT_CONVERSION = YES;
				CLANG_WARN_NON_LITERAL_NULL_CONVERSION = YES;
				CLANG_WARN_OBJC_IMPLICIT_RETAIN_SELF = YES;
				CLANG_WARN_OBJC_LITERAL_CONVERSION = YES;
				CLANG_WARN_OBJC_ROOT_CLASS = YES_ERROR;
				CLANG_WARN_QUOTED_INCLUDE_IN_FRAMEWORK_HEADER = YES;
				CLANG_WARN_RANGE_LOOP_ANALYSIS = YES;
				CLANG_WARN_STRICT_PROTOTYPES = YES;
				CLANG_WARN_SUSPICIOUS_MOVE = YES;
				CLANG_WARN_UNGUARDED_AVAILABILITY = YES_AGGRESSIVE;
				CLANG_WARN_UNREACHABLE_CODE = YES;
				CLANG_WARN__DUPLICATE_METHOD_MATCH = YES;
				COPY_PHASE_STRIP = NO;
				CURRENT_PROJECT_VERSION = 1;
				DEBUG_INFORMATION_FORMAT = dwarf;
				ENABLE_STRICT_OBJC_MSGSEND = YES;
				ENABLE_TESTABILITY = YES;
				GCC_C_LANGUAGE_STANDARD = gnu11;
				GCC_DYNAMIC_NO_PIC = NO;
				GCC_NO_COMMON_BLOCKS = YES;
				GCC_OPTIMIZATION_LEVEL = 0;
				GCC_PREPROCESSOR_DEFINITIONS = (
					"$(inherited)",
					"DEBUG=1",
				);
				GCC_WARN_64_TO_32_BIT_CONVERSION = YES;
				GCC_WARN_ABOUT_RETURN_TYPE = YES_ERROR;
				GCC_WARN_UNDECLARED_SELECTOR = YES;
				GCC_WARN_UNINITIALIZED_AUTOS = YES_AGGRESSIVE;
				GCC_WARN_UNUSED_FUNCTION = YES;
				GCC_WARN_UNUSED_VARIABLE = YES;
				IPHONEOS_DEPLOYMENT_TARGET = 17.0;
				MARKETING_VERSION = 0.1;
				MTL_ENABLE_DEBUG_INFO = INCLUDE_SOURCE;
				MTL_FAST_MATH = YES;
				ONLY_ACTIVE_ARCH = YES;
				PRODUCT_NAME = "$(TARGET_NAME)";
				SDKROOT = iphoneos;
				SWIFT_ACTIVE_COMPILATION_CONDITIONS = DEBUG;
				SWIFT_OPTIMIZATION_LEVEL = "-Onone";
				SWIFT_VERSION = 5.0;
			};
			name = Debug;
		};
/* End XCBuildConfiguration section */

/* Begin XCConfigurationList section */
		373A0960F2CA420AAE95D78C /* Build configuration list for PBXProject "PokeVendor" */ = {
			isa = XCConfigurationList;
			buildConfigurations = (
				F5D33DD0F0F0D12977753575 /* Debug */,
				97E802E490AEA59485CABADB /* Release */,
			);
			defaultConfigurationIsVisible = 0;
			defaultConfigurationName = Debug;
		};
		98C7367CA39BD4EC3045C781 /* Build configuration list for PBXNativeTarget "PokeVendor" */ = {
			isa = XCConfigurationList;
			buildConfigurations = (
				446EBD58ABE86508C75F2704 /* Debug */,
				B067EE994C257924E9A250D0 /* Release */,
			);
			defaultConfigurationIsVisible = 0;
			defaultConfigurationName = Debug;
		};
/* End XCConfigurationList section */
	};
	rootObject = D26064A697FD2CDEC7034FE9 /* Project object */;
}
